<?xml version="1.0" encoding="utf-8"?>
<Project ToolsVersion="4.0" xmlns="http://schemas.microsoft.com/developer/msbuild/2003">
  <ItemGroup>
    <Filter Include="Source Files">
      <UniqueIdentifier>{4FC737F1-C7A5-4376-A066-2A32D752A2FF}</UniqueIdentifier>
      <Extensions>cpp;c;cc;cxx;def;odl;idl;hpj;bat;asm;asmx</Extensions>
    </Filter>
    <Filter Include="Header Files">
      <UniqueIdentifier>{93995380-89BD-4b04-88EB-625FBE52EBFB}</UniqueIdentifier>
      <Extensions>h;hh;hpp;hxx;hm;inl;inc;xsd</Extensions>
    </Filter>
    <Filter Include="Resource Files">
      <UniqueIdentifier>{67DA6AB6-F800-4c08-8B7A-83BB121AAD01}</UniqueIdentifier>
      <Extensions>rc;ico;cur;bmp;dlg;rc2;rct;bin;rgs;gif;jpg;jpeg;jpe;resx;tiff;tif;png;wav;mfcribbon-ms</Extensions>
    </Filter>
    <Filter Include="Tasks">
      <UniqueIdentifier>{9f64f4e1-1055-4c9a-92f0-39e3a6c3b054}</UniqueIdentifier>
      <Extensions>*Task</Extensions>
    </Filter>
  </ItemGroup>
  <ItemGroup>
    <None Include="MotoScope.ino" />
  </ItemGroup>
  <ItemGroup>
    <ClInclude Include="__vm\.MotoScope.vsarduino.h">
      <Filter>Header Files</Filter>
    </ClInclude>
    <ClInclude Include="__vm\.src.vsarduino.h">
      <Filter>Header Files</Filter>
    </ClInclude>
    <ClInclude Include="Pins.h">
      <Filter>Header Files</Filter>
    </ClInclude>
    <ClInclude Include="Parameters.h">
      <Filter>Header Files</Filter>
    </ClInclude>
    <ClInclude Include="Assert.h">
      <Filter>Header Files</Filter>
    </ClInclude>
    <ClInclude Include="ConditionWrapper.h">
      <Filter>Header Files</Filter>
    </ClInclude>
    <ClInclude Include="Critical.h">
      <Filter>Header Files</Filter>
    </ClInclude>
    <ClInclude Include="ExpressTask.h">
      <Filter>Header Files</Filter>
    </ClInclude>
    <ClInclude Include="Maybe.h">
      <Filter>Header Files</Filter>
    </ClInclude>
    <ClInclude Include="Median.h">
      <Filter>Header Files</Filter>
    </ClInclude>
    <ClInclude Include="Optimize.h">
      <Filter>Header Files</Filter>
    </ClInclude>
    <ClInclude Include="PlacementNew.h">
      <Filter>Header Files</Filter>
    </ClInclude>
    <ClInclude Include="Scheduler.h">
      <Filter>Header Files</Filter>
    </ClInclude>
    <ClInclude Include="StaticAllocActivator.h">
      <Filter>Header Files</Filter>
    </ClInclude>
    <ClInclude Include="TaskBase.h">
      <Filter>Header Files</Filter>
    </ClInclude>
    <ClInclude Include="TaskList.h">
      <Filter>Header Files</Filter>
    </ClInclude>
    <ClInclude Include="TaskQueue.h">
      <Filter>Header Files</Filter>
    </ClInclude>
    <ClInclude Include="WaitHandles.h">
      <Filter>Header Files</Filter>
    </ClInclude>
    <ClInclude Include="WaitObject.h">
      <Filter>Header Files</Filter>
    </ClInclude>
    <ClInclude Include="SoundTask.h">
      <Filter>Tasks</Filter>
    </ClInclude>
    <ClInclude Include="Globals.h">
      <Filter>Header Files</Filter>
    </ClInclude>
    <ClInclude Include="LedTask.h">
      <Filter>Tasks</Filter>
    </ClInclude>
    <ClInclude Include="PeriodicTimer.h">
      <Filter>Header Files</Filter>
    </ClInclude>
    <ClInclude Include="SpeedCorrectionTask.h">
      <Filter>Tasks</Filter>
    </ClInclude>
    <ClInclude Include="ButtonTask.h">
      <Filter>Tasks</Filter>
    </ClInclude>
    <ClInclude Include="WorkerTask.h">
      <Filter>Tasks</Filter>
    </ClInclude>
    <ClInclude Include="PowerMonitorTask.h">
      <Filter>Tasks</Filter>
    </ClInclude>
    <ClInclude Include="Trace.h">
      <Filter>Header Files</Filter>
    </ClInclude>
    <ClInclude Include="SwitchesTask.h">
      <Filter>Tasks</Filter>
    </ClInclude>
    <ClInclude Include="Average.h">
      <Filter>Header Files</Filter>
    </ClInclude>
    <ClInclude Include="Kalman.h">
      <Filter>Header Files</Filter>
    </ClInclude>
    <ClInclude Include="StepperTask.h">
      <Filter>Tasks</Filter>
    </ClInclude>
    <ClInclude Include="__vm\.Мотоскоп.vsarduino.h">
      <Filter>Header Files</Filter>
    </ClInclude>
  </ItemGroup>
  <ItemGroup>
    <ClCompile Include="Scheduler.cpp">
      <Filter>Source Files</Filter>
    </ClCompile>
    <ClCompile Include="TaskBase.cpp">
      <Filter>Source Files</Filter>
    </ClCompile>
    <ClCompile Include="TaskQueue.cpp">
      <Filter>Source Files</Filter>
    </ClCompile>
    <ClCompile Include="WaitHandles.cpp">
      <Filter>Source Files</Filter>
    </ClCompile>
    <ClCompile Include="SoundTask.cpp">
      <Filter>Tasks</Filter>
    </ClCompile>
    <ClCompile Include="abort.cpp">
      <Filter>Source Files</Filter>
    </ClCompile>
    <ClCompile Include="Globals.cpp">
      <Filter>Source Files</Filter>
    </ClCompile>
    <ClCompile Include="LedTask.cpp">
      <Filter>Tasks</Filter>
    </ClCompile>
    <ClCompile Include="SpeedCorrectionTask.cpp">
      <Filter>Tasks</Filter>
    </ClCompile>
    <ClCompile Include="ButtonTask.cpp">
      <Filter>Tasks</Filter>
    </ClCompile>
    <ClCompile Include="WorkerTask.cpp">
      <Filter>Tasks</Filter>
    </ClCompile>
    <ClCompile Include="PowerMonitorTask.cpp">
      <Filter>Tasks</Filter>
    </ClCompile>
    <ClCompile Include="SwitchesTask.cpp">
      <Filter>Tasks</Filter>
    </ClCompile>
    <ClCompile Include="StepperTask.cpp">
      <Filter>Tasks</Filter>
    </ClCompile>
  </ItemGroup>
</Project>